
Microsoft Visual Studio Solution File, Format Version 12.00
# Visual Studio 2013
VisualStudioVersion = 12.0.40629.0
MinimumVisualStudioVersion = 10.0.40219.1
Project("{FAE04EC0-301F-11D3-BF4B-00C04F79EFBC}") = "SimpleEmail", "SimpleEmail\SimpleEmail.csproj", "{15E577F4-0980-477A-9F01-41B483197EDA}"
EndProject
Project("{FAE04EC0-301F-11D3-BF4B-00C04F79EFBC}") = "EmailEntities", "EmailEntities\EmailEntities.csproj", "{E374C09C-C04A-4416-A080-607B09E8FE97}"
EndProject
Project("{FAE04EC0-301F-11D3-BF4B-00C04F79EFBC}") = "EmailInterfaces", "EmailInterfaces\EmailInterfaces.csproj", "{CD04EB40-A78D-405F-B6A7-9358585F9A07}"
EndProject
Project("{FAE04EC0-301F-11D3-BF4B-00C04F79EFBC}") = "EmailService", "EmailService\EmailService.csproj", "{0A334145-FCA2-4D7D-A8F1-17253EE09D5E}"
EndProject
Project("{2150E333-8FDC-42A3-9474-1A3956D46DE8}") = "Modules", "Modules", "{F515C465-7473-43C4-996C-D4B3F978A7C4}"
EndProject
Project("{FAE04EC0-301F-11D3-BF4B-00C04F79EFBC}") = "Modules.MailSelection", "Modules.MailSelection\Modules.MailSelection.csproj", "{DFB46DFA-81D0-4403-BDAC-F89247EB4C41}"
EndProject
Global
	GlobalSection(SolutionConfigurationPlatforms) = preSolution
		Debug|Any CPU = Debug|Any CPU
		Release|Any CPU = Release|Any CPU
	EndGlobalSection
	GlobalSection(ProjectConfigurationPlatforms) = postSolution
		{15E577F4-0980-477A-9F01-41B483197EDA}.Debug|Any CPU.ActiveCfg = Debug|Any CPU
		{15E577F4-0980-477A-9F01-41B483197EDA}.Debug|Any CPU.Build.0 = Debug|Any CPU
		{15E577F4-0980-477A-9F01-41B483197EDA}.Release|Any CPU.ActiveCfg = Release|Any CPU
		{15E577F4-0980-477A-9F01-41B483197EDA}.Release|Any CPU.Build.0 = Release|Any CPU
		{E374C09C-C04A-4416-A080-607B09E8FE97}.Debug|Any CPU.ActiveCfg = Debug|Any CPU
		{E374C09C-C04A-4416-A080-607B09E8FE97}.Debug|Any CPU.Build.0 = Debug|Any CPU
		{E374C09C-C04A-4416-A080-607B09E8FE97}.Release|Any CPU.ActiveCfg = Release|Any CPU
		{E374C09C-C04A-4416-A080-607B09E8FE97}.Release|Any CPU.Build.0 = Release|Any CPU
		{CD04EB40-A78D-405F-B6A7-9358585F9A07}.Debug|Any CPU.ActiveCfg = Debug|Any CPU
		{CD04EB40-A78D-405F-B6A7-9358585F9A07}.Debug|Any CPU.Build.0 = Debug|Any CPU
		{CD04EB40-A78D-405F-B6A7-9358585F9A07}.Release|Any CPU.ActiveCfg = Release|Any CPU
		{CD04EB40-A78D-405F-B6A7-9358585F9A07}.Release|Any CPU.Build.0 = Release|Any CPU
		{0A334145-FCA2-4D7D-A8F1-17253EE09D5E}.Debug|Any CPU.ActiveCfg = Debug|Any CPU
		{0A334145-FCA2-4D7D-A8F1-17253EE09D5E}.Debug|Any CPU.Build.0 = Debug|Any CPU
		{0A334145-FCA2-4D7D-A8F1-17253EE09D5E}.Release|Any CPU.ActiveCfg = Release|Any CPU
		{0A334145-FCA2-4D7D-A8F1-17253EE09D5E}.Release|Any CPU.Build.0 = Release|Any CPU
		{DFB46DFA-81D0-4403-BDAC-F89247EB4C41}.Debug|Any CPU.ActiveCfg = Debug|Any CPU
		{DFB46DFA-81D0-4403-BDAC-F89247EB4C41}.Debug|Any CPU.Build.0 = Debug|Any CPU
		{DFB46DFA-81D0-4403-BDAC-F89247EB4C41}.Release|Any CPU.ActiveCfg = Release|Any CPU
		{DFB46DFA-81D0-4403-BDAC-F89247EB4C41}.Release|Any CPU.Build.0 = Release|Any CPU
	EndGlobalSection
	GlobalSection(SolutionProperties) = preSolution
		HideSolutionNode = FALSE
	EndGlobalSection
	GlobalSection(NestedProjects) = preSolution
		{DFB46DFA-81D0-4403-BDAC-F89247EB4C41} = {F515C465-7473-43C4-996C-D4B3F978A7C4}
	EndGlobalSection
EndGlobal
